
Microsoft Visual Studio Solution File, Format Version 12.00
# Visual Studio Version 16
VisualStudioVersion = 16.0.30114.105
MinimumVisualStudioVersion = 10.0.40219.1
Project("{FAE04EC0-301F-11D3-BF4B-00C04F79EFBC}") = "API", "API\API.csproj", "{9B1A87DD-7419-48AB-8C84-FB6DEC9C813E}"
EndProject
Project("{FAE04EC0-301F-11D3-BF4B-00C04F79EFBC}") = "Application", "Application\Application.csproj", "{872ABD0B-DF12-47D1-B9C5-2F615DB81C28}"
EndProject
Project("{FAE04EC0-301F-11D3-BF4B-00C04F79EFBC}") = "Persistence", "Persistence\Persistence.csproj", "{5855CE78-8E93-4FC9-BD44-0D61AB93AC73}"
EndProject
Project("{FAE04EC0-301F-11D3-BF4B-00C04F79EFBC}") = "Domain", "Domain\Domain.csproj", "{8A78E954-01B5-4522-A8C2-2D186175AF0B}"
EndProject
Global
	GlobalSection(SolutionConfigurationPlatforms) = preSolution
		Debug|Any CPU = Debug|Any CPU
		Debug|x64 = Debug|x64
		Debug|x86 = Debug|x86
		Release|Any CPU = Release|Any CPU
		Release|x64 = Release|x64
		Release|x86 = Release|x86
	EndGlobalSection
	GlobalSection(SolutionProperties) = preSolution
		HideSolutionNode = FALSE
	EndGlobalSection
	GlobalSection(ProjectConfigurationPlatforms) = postSolution
		{9B1A87DD-7419-48AB-8C84-FB6DEC9C813E}.Debug|Any CPU.ActiveCfg = Debug|Any CPU
		{9B1A87DD-7419-48AB-8C84-FB6DEC9C813E}.Debug|Any CPU.Build.0 = Debug|Any CPU
		{9B1A87DD-7419-48AB-8C84-FB6DEC9C813E}.Debug|x64.ActiveCfg = Debug|Any CPU
		{9B1A87DD-7419-48AB-8C84-FB6DEC9C813E}.Debug|x64.Build.0 = Debug|Any CPU
		{9B1A87DD-7419-48AB-8C84-FB6DEC9C813E}.Debug|x86.ActiveCfg = Debug|Any CPU
		{9B1A87DD-7419-48AB-8C84-FB6DEC9C813E}.Debug|x86.Build.0 = Debug|Any CPU
		{9B1A87DD-7419-48AB-8C84-FB6DEC9C813E}.Release|Any CPU.ActiveCfg = Release|Any CPU
		{9B1A87DD-7419-48AB-8C84-FB6DEC9C813E}.Release|Any CPU.Build.0 = Release|Any CPU
		{9B1A87DD-7419-48AB-8C84-FB6DEC9C813E}.Release|x64.ActiveCfg = Release|Any CPU
		{9B1A87DD-7419-48AB-8C84-FB6DEC9C813E}.Release|x64.Build.0 = Release|Any CPU
		{9B1A87DD-7419-48AB-8C84-FB6DEC9C813E}.Release|x86.ActiveCfg = Release|Any CPU
		{9B1A87DD-7419-48AB-8C84-FB6DEC9C813E}.Release|x86.Build.0 = Release|Any CPU
		{872ABD0B-DF12-47D1-B9C5-2F615DB81C28}.Debug|Any CPU.ActiveCfg = Debug|Any CPU
		{872ABD0B-DF12-47D1-B9C5-2F615DB81C28}.Debug|Any CPU.Build.0 = Debug|Any CPU
		{872ABD0B-DF12-47D1-B9C5-2F615DB81C28}.Debug|x64.ActiveCfg = Debug|Any CPU
		{872ABD0B-DF12-47D1-B9C5-2F615DB81C28}.Debug|x64.Build.0 = Debug|Any CPU
		{872ABD0B-DF12-47D1-B9C5-2F615DB81C28}.Debug|x86.ActiveCfg = Debug|Any CPU
		{872ABD0B-DF12-47D1-B9C5-2F615DB81C28}.Debug|x86.Build.0 = Debug|Any CPU
		{872ABD0B-DF12-47D1-B9C5-2F615DB81C28}.Release|Any CPU.ActiveCfg = Release|Any CPU
		{872ABD0B-DF12-47D1-B9C5-2F615DB81C28}.Release|Any CPU.Build.0 = Release|Any CPU
		{872ABD0B-DF12-47D1-B9C5-2F615DB81C28}.Release|x64.ActiveCfg = Release|Any CPU
		{872ABD0B-DF12-47D1-B9C5-2F615DB81C28}.Release|x64.Build.0 = Release|Any CPU
		{872ABD0B-DF12-47D1-B9C5-2F615DB81C28}.Release|x86.ActiveCfg = Release|Any CPU
		{872ABD0B-DF12-47D1-B9C5-2F615DB81C28}.Release|x86.Build.0 = Release|Any CPU
		{5855CE78-8E93-4FC9-BD44-0D61AB93AC73}.Debug|Any CPU.ActiveCfg = Debug|Any CPU
		{5855CE78-8E93-4FC9-BD44-0D61AB93AC73}.Debug|Any CPU.Build.0 = Debug|Any CPU
		{5855CE78-8E93-4FC9-BD44-0D61AB93AC73}.Debug|x64.ActiveCfg = Debug|Any CPU
		{5855CE78-8E93-4FC9-BD44-0D61AB93AC73}.Debug|x64.Build.0 = Debug|Any CPU
		{5855CE78-8E93-4FC9-BD44-0D61AB93AC73}.Debug|x86.ActiveCfg = Debug|Any CPU
		{5855CE78-8E93-4FC9-BD44-0D61AB93AC73}.Debug|x86.Build.0 = Debug|Any CPU
		{5855CE78-8E93-4FC9-BD44-0D61AB93AC73}.Release|Any CPU.ActiveCfg = Release|Any CPU
		{5855CE78-8E93-4FC9-BD44-0D61AB93AC73}.Release|Any CPU.Build.0 = Release|Any CPU
		{5855CE78-8E93-4FC9-BD44-0D61AB93AC73}.Release|x64.ActiveCfg = Release|Any CPU
		{5855CE78-8E93-4FC9-BD44-0D61AB93AC73}.Release|x64.Build.0 = Release|Any CPU
		{5855CE78-8E93-4FC9-BD44-0D61AB93AC73}.Release|x86.ActiveCfg = Release|Any CPU
		{5855CE78-8E93-4FC9-BD44-0D61AB93AC73}.Release|x86.Build.0 = Release|Any CPU
		{8A78E954-01B5-4522-A8C2-2D186175AF0B}.Debug|Any CPU.ActiveCfg = Debug|Any CPU
		{8A78E954-01B5-4522-A8C2-2D186175AF0B}.Debug|Any CPU.Build.0 = Debug|Any CPU
		{8A78E954-01B5-4522-A8C2-2D186175AF0B}.Debug|x64.ActiveCfg = Debug|Any CPU
		{8A78E954-01B5-4522-A8C2-2D186175AF0B}.Debug|x64.Build.0 = Debug|Any CPU
		{8A78E954-01B5-4522-A8C2-2D186175AF0B}.Debug|x86.ActiveCfg = Debug|Any CPU
		{8A78E954-01B5-4522-A8C2-2D186175AF0B}.Debug|x86.Build.0 = Debug|Any CPU
		{8A78E954-01B5-4522-A8C2-2D186175AF0B}.Release|Any CPU.ActiveCfg = Release|Any CPU
		{8A78E954-01B5-4522-A8C2-2D186175AF0B}.Release|Any CPU.Build.0 = Release|Any CPU
		{8A78E954-01B5-4522-A8C2-2D186175AF0B}.Release|x64.ActiveCfg = Release|Any CPU
		{8A78E954-01B5-4522-A8C2-2D186175AF0B}.Release|x64.Build.0 = Release|Any CPU
		{8A78E954-01B5-4522-A8C2-2D186175AF0B}.Release|x86.ActiveCfg = Release|Any CPU
		{8A78E954-01B5-4522-A8C2-2D186175AF0B}.Release|x86.Build.0 = Release|Any CPU
	EndGlobalSection
EndGlobal
